
Microsoft Visual Studio Solution File, Format Version 12.00
# Visual Studio Version 17
VisualStudioVersion = 17.5.33502.453
MinimumVisualStudioVersion = 10.0.40219.1
Project("{FAE04EC0-301F-11D3-BF4B-00C04F79EFBC}") = "IgorKrece", "IgorKrece\IgorKrece.csproj", "{3CBB7CEC-B4E4-44C7-8083-ABC738A735EE}"
EndProject
Global
	GlobalSection(SolutionConfigurationPlatforms) = preSolution
		Debug|Any CPU = Debug|Any CPU
		Release|Any CPU = Release|Any CPU
	EndGlobalSection
	GlobalSection(ProjectConfigurationPlatforms) = postSolution
		{3CBB7CEC-B4E4-44C7-8083-ABC738A735EE}.Debug|Any CPU.ActiveCfg = Debug|Any CPU
		{3CBB7CEC-B4E4-44C7-8083-ABC738A735EE}.Debug|Any CPU.Build.0 = Debug|Any CPU
		{3CBB7CEC-B4E4-44C7-8083-ABC738A735EE}.Release|Any CPU.ActiveCfg = Release|Any CPU
		{3CBB7CEC-B4E4-44C7-8083-ABC738A735EE}.Release|Any CPU.Build.0 = Release|Any CPU
	EndGlobalSection
	GlobalSection(SolutionProperties) = preSolution
		HideSolutionNode = FALSE
	EndGlobalSection
	GlobalSection(ExtensibilityGlobals) = postSolution
		SolutionGuid = {64E8EC48-0BE5-419D-8CFC-EF8A449421DD}
	EndGlobalSection
EndGlobal
